
Microsoft Visual Studio Solution File, Format Version 11.00
# Visual Studio 2010
Project("{FAE04EC0-301F-11D3-BF4B-00C04F79EFBC}") = "Assembly-CSharp-firstpass", "Assembly-CSharp-firstpass.csproj", "{7651e89c-ff58-50b8-f459-ebb5e32c7503}"
EndProject
Project("{FAE04EC0-301F-11D3-BF4B-00C04F79EFBC}") = "Assembly-CSharp", "Assembly-CSharp.csproj", "{b0bd237d-04e4-65b8-913a-02994e3be7e8}"
EndProject
Global
	GlobalSection(SolutionConfigurationPlatforms) = preSolution
		Debug|Any CPU = Debug|Any CPU
	EndGlobalSection
	GlobalSection(ProjectConfigurationPlatforms) = postSolution
		{7651e89c-ff58-50b8-f459-ebb5e32c7503}.Debug|Any CPU.ActiveCfg = Debug|Any CPU
		{7651e89c-ff58-50b8-f459-ebb5e32c7503}.Debug|Any CPU.Build.0 = Debug|Any CPU
		{b0bd237d-04e4-65b8-913a-02994e3be7e8}.Debug|Any CPU.ActiveCfg = Debug|Any CPU
		{b0bd237d-04e4-65b8-913a-02994e3be7e8}.Debug|Any CPU.Build.0 = Debug|Any CPU
	EndGlobalSection
	GlobalSection(SolutionProperties) = preSolution
		HideSolutionNode = FALSE
	EndGlobalSection
EndGlobal
