
Microsoft Visual Studio Solution File, Format Version 11.00
# Visual Studio 2010
Project("{FAE04EC0-301F-11D3-BF4B-00C04F79EFBC}") = "Assembly-CSharp-firstpass", "Assembly-CSharp-firstpass.csproj", "{8d1ca523-47b9-6941-2cbf-1eeaef1b33a3}"
EndProject
Project("{FAE04EC0-301F-11D3-BF4B-00C04F79EFBC}") = "Assembly-CSharp", "Assembly-CSharp.csproj", "{ba438619-d531-7fd8-2fdd-0149f130c9b0}"
EndProject
Global
	GlobalSection(SolutionConfigurationPlatforms) = preSolution
		Debug|Any CPU = Debug|Any CPU
	EndGlobalSection
	GlobalSection(ProjectConfigurationPlatforms) = postSolution
		{8d1ca523-47b9-6941-2cbf-1eeaef1b33a3}.Debug|Any CPU.ActiveCfg = Debug|Any CPU
		{8d1ca523-47b9-6941-2cbf-1eeaef1b33a3}.Debug|Any CPU.Build.0 = Debug|Any CPU
		{ba438619-d531-7fd8-2fdd-0149f130c9b0}.Debug|Any CPU.ActiveCfg = Debug|Any CPU
		{ba438619-d531-7fd8-2fdd-0149f130c9b0}.Debug|Any CPU.Build.0 = Debug|Any CPU
	EndGlobalSection
	GlobalSection(SolutionProperties) = preSolution
		HideSolutionNode = FALSE
	EndGlobalSection
EndGlobal
